
Microsoft Visual Studio Solution File, Format Version 12.00
# Visual Studio Version 17
VisualStudioVersion = 17.8.34309.116
MinimumVisualStudioVersion = 10.0.40219.1
Project("{9A19103F-16F7-4668-BE54-9A1E7A4F7556}") = "ASP.NET", "ASP.NET.csproj", "{1B27B189-9BA1-4882-AE38-23B1190D6651}"
EndProject
Project("{9A19103F-16F7-4668-BE54-9A1E7A4F7556}") = "SQLSever", "..\SQLSever\SQLSever.csproj", "{F4514E52-8A42-4DE3-AA3E-0C8EF50E184E}"
EndProject
Project("{FAE04EC0-301F-11D3-BF4B-00C04F79EFBC}") = "DTOs", "..\DTOs\DTOs.csproj", "{23DD922B-D456-4DD9-81F1-C1A5ABE671BA}"
EndProject
Global
	GlobalSection(SolutionConfigurationPlatforms) = preSolution
		Debug|Any CPU = Debug|Any CPU
		Release|Any CPU = Release|Any CPU
	EndGlobalSection
	GlobalSection(ProjectConfigurationPlatforms) = postSolution
		{1B27B189-9BA1-4882-AE38-23B1190D6651}.Debug|Any CPU.ActiveCfg = Debug|Any CPU
		{1B27B189-9BA1-4882-AE38-23B1190D6651}.Debug|Any CPU.Build.0 = Debug|Any CPU
		{1B27B189-9BA1-4882-AE38-23B1190D6651}.Release|Any CPU.ActiveCfg = Release|Any CPU
		{1B27B189-9BA1-4882-AE38-23B1190D6651}.Release|Any CPU.Build.0 = Release|Any CPU
		{F4514E52-8A42-4DE3-AA3E-0C8EF50E184E}.Debug|Any CPU.ActiveCfg = Debug|Any CPU
		{F4514E52-8A42-4DE3-AA3E-0C8EF50E184E}.Debug|Any CPU.Build.0 = Debug|Any CPU
		{F4514E52-8A42-4DE3-AA3E-0C8EF50E184E}.Release|Any CPU.ActiveCfg = Release|Any CPU
		{F4514E52-8A42-4DE3-AA3E-0C8EF50E184E}.Release|Any CPU.Build.0 = Release|Any CPU
		{23DD922B-D456-4DD9-81F1-C1A5ABE671BA}.Debug|Any CPU.ActiveCfg = Debug|Any CPU
		{23DD922B-D456-4DD9-81F1-C1A5ABE671BA}.Debug|Any CPU.Build.0 = Debug|Any CPU
		{23DD922B-D456-4DD9-81F1-C1A5ABE671BA}.Release|Any CPU.ActiveCfg = Release|Any CPU
		{23DD922B-D456-4DD9-81F1-C1A5ABE671BA}.Release|Any CPU.Build.0 = Release|Any CPU
	EndGlobalSection
	GlobalSection(SolutionProperties) = preSolution
		HideSolutionNode = FALSE
	EndGlobalSection
	GlobalSection(ExtensibilityGlobals) = postSolution
		SolutionGuid = {945F126C-75A7-4DAB-AE9E-C49540D7FDC9}
	EndGlobalSection
EndGlobal
